
Microsoft Visual Studio Solution File, Format Version 12.00
# Visual Studio Version 16
VisualStudioVersion = 16.0.29411.108
MinimumVisualStudioVersion = 10.0.40219.1
Project("{FAE04EC0-301F-11D3-BF4B-00C04F79EFBC}") = "Mobile-ReadyExpressionAnalysisBusiness", "Mobile-ReadyExpressionAnalysisBusiness\Mobile-ReadyExpressionAnalysisBusiness.csproj", "{FB6E197A-E1A8-4693-A144-18E0EE644DE8}"
EndProject
Project("{FAE04EC0-301F-11D3-BF4B-00C04F79EFBC}") = "Mobile-ReadyExpressionAnalysisGUI", "Mobile-ReadyExpressionAnalysisGUI\Mobile-ReadyExpressionAnalysisGUI.csproj", "{9A726DED-0721-4580-8C49-F88A2DD16344}"
EndProject
Project("{FAE04EC0-301F-11D3-BF4B-00C04F79EFBC}") = "Mobile-ReadyExpressionAnalysisTraining", "Mobile-ReadyExpressionAnalysisTraining\Mobile-ReadyExpressionAnalysisTraining.csproj", "{3BB29A76-3269-4D58-B5D4-7C7EDD58EBE2}"
EndProject
Global
	GlobalSection(SolutionConfigurationPlatforms) = preSolution
		Debug|Any CPU = Debug|Any CPU
		Debug|ARM = Debug|ARM
		Debug|ARM64 = Debug|ARM64
		Debug|x64 = Debug|x64
		Debug|x86 = Debug|x86
		Release|Any CPU = Release|Any CPU
		Release|ARM = Release|ARM
		Release|ARM64 = Release|ARM64
		Release|x64 = Release|x64
		Release|x86 = Release|x86
	EndGlobalSection
	GlobalSection(ProjectConfigurationPlatforms) = postSolution
		{FB6E197A-E1A8-4693-A144-18E0EE644DE8}.Debug|Any CPU.ActiveCfg = Debug|Any CPU
		{FB6E197A-E1A8-4693-A144-18E0EE644DE8}.Debug|Any CPU.Build.0 = Debug|Any CPU
		{FB6E197A-E1A8-4693-A144-18E0EE644DE8}.Debug|ARM.ActiveCfg = Debug|ARM
		{FB6E197A-E1A8-4693-A144-18E0EE644DE8}.Debug|ARM.Build.0 = Debug|ARM
		{FB6E197A-E1A8-4693-A144-18E0EE644DE8}.Debug|ARM64.ActiveCfg = Debug|ARM64
		{FB6E197A-E1A8-4693-A144-18E0EE644DE8}.Debug|ARM64.Build.0 = Debug|ARM64
		{FB6E197A-E1A8-4693-A144-18E0EE644DE8}.Debug|x64.ActiveCfg = Debug|x64
		{FB6E197A-E1A8-4693-A144-18E0EE644DE8}.Debug|x64.Build.0 = Debug|x64
		{FB6E197A-E1A8-4693-A144-18E0EE644DE8}.Debug|x86.ActiveCfg = Debug|x86
		{FB6E197A-E1A8-4693-A144-18E0EE644DE8}.Debug|x86.Build.0 = Debug|x86
		{FB6E197A-E1A8-4693-A144-18E0EE644DE8}.Release|Any CPU.ActiveCfg = Release|Any CPU
		{FB6E197A-E1A8-4693-A144-18E0EE644DE8}.Release|Any CPU.Build.0 = Release|Any CPU
		{FB6E197A-E1A8-4693-A144-18E0EE644DE8}.Release|ARM.ActiveCfg = Release|ARM
		{FB6E197A-E1A8-4693-A144-18E0EE644DE8}.Release|ARM.Build.0 = Release|ARM
		{FB6E197A-E1A8-4693-A144-18E0EE644DE8}.Release|ARM64.ActiveCfg = Release|ARM64
		{FB6E197A-E1A8-4693-A144-18E0EE644DE8}.Release|ARM64.Build.0 = Release|ARM64
		{FB6E197A-E1A8-4693-A144-18E0EE644DE8}.Release|x64.ActiveCfg = Release|x64
		{FB6E197A-E1A8-4693-A144-18E0EE644DE8}.Release|x64.Build.0 = Release|x64
		{FB6E197A-E1A8-4693-A144-18E0EE644DE8}.Release|x86.ActiveCfg = Release|x86
		{FB6E197A-E1A8-4693-A144-18E0EE644DE8}.Release|x86.Build.0 = Release|x86
		{9A726DED-0721-4580-8C49-F88A2DD16344}.Debug|Any CPU.ActiveCfg = Debug|x86
		{9A726DED-0721-4580-8C49-F88A2DD16344}.Debug|ARM.ActiveCfg = Debug|ARM
		{9A726DED-0721-4580-8C49-F88A2DD16344}.Debug|ARM.Build.0 = Debug|ARM
		{9A726DED-0721-4580-8C49-F88A2DD16344}.Debug|ARM.Deploy.0 = Debug|ARM
		{9A726DED-0721-4580-8C49-F88A2DD16344}.Debug|ARM64.ActiveCfg = Debug|ARM64
		{9A726DED-0721-4580-8C49-F88A2DD16344}.Debug|ARM64.Build.0 = Debug|ARM64
		{9A726DED-0721-4580-8C49-F88A2DD16344}.Debug|ARM64.Deploy.0 = Debug|ARM64
		{9A726DED-0721-4580-8C49-F88A2DD16344}.Debug|x64.ActiveCfg = Debug|x64
		{9A726DED-0721-4580-8C49-F88A2DD16344}.Debug|x64.Build.0 = Debug|x64
		{9A726DED-0721-4580-8C49-F88A2DD16344}.Debug|x64.Deploy.0 = Debug|x64
		{9A726DED-0721-4580-8C49-F88A2DD16344}.Debug|x86.ActiveCfg = Debug|x86
		{9A726DED-0721-4580-8C49-F88A2DD16344}.Debug|x86.Build.0 = Debug|x86
		{9A726DED-0721-4580-8C49-F88A2DD16344}.Debug|x86.Deploy.0 = Debug|x86
		{9A726DED-0721-4580-8C49-F88A2DD16344}.Release|Any CPU.ActiveCfg = Release|x86
		{9A726DED-0721-4580-8C49-F88A2DD16344}.Release|ARM.ActiveCfg = Release|ARM
		{9A726DED-0721-4580-8C49-F88A2DD16344}.Release|ARM.Build.0 = Release|ARM
		{9A726DED-0721-4580-8C49-F88A2DD16344}.Release|ARM.Deploy.0 = Release|ARM
		{9A726DED-0721-4580-8C49-F88A2DD16344}.Release|ARM64.ActiveCfg = Release|ARM64
		{9A726DED-0721-4580-8C49-F88A2DD16344}.Release|ARM64.Build.0 = Release|ARM64
		{9A726DED-0721-4580-8C49-F88A2DD16344}.Release|ARM64.Deploy.0 = Release|ARM64
		{9A726DED-0721-4580-8C49-F88A2DD16344}.Release|x64.ActiveCfg = Release|x64
		{9A726DED-0721-4580-8C49-F88A2DD16344}.Release|x64.Build.0 = Release|x64
		{9A726DED-0721-4580-8C49-F88A2DD16344}.Release|x64.Deploy.0 = Release|x64
		{9A726DED-0721-4580-8C49-F88A2DD16344}.Release|x86.ActiveCfg = Release|x86
		{9A726DED-0721-4580-8C49-F88A2DD16344}.Release|x86.Build.0 = Release|x86
		{9A726DED-0721-4580-8C49-F88A2DD16344}.Release|x86.Deploy.0 = Release|x86
		{3BB29A76-3269-4D58-B5D4-7C7EDD58EBE2}.Debug|Any CPU.ActiveCfg = Debug|Any CPU
		{3BB29A76-3269-4D58-B5D4-7C7EDD58EBE2}.Debug|Any CPU.Build.0 = Debug|Any CPU
		{3BB29A76-3269-4D58-B5D4-7C7EDD58EBE2}.Debug|ARM.ActiveCfg = Debug|Any CPU
		{3BB29A76-3269-4D58-B5D4-7C7EDD58EBE2}.Debug|ARM.Build.0 = Debug|Any CPU
		{3BB29A76-3269-4D58-B5D4-7C7EDD58EBE2}.Debug|ARM64.ActiveCfg = Debug|Any CPU
		{3BB29A76-3269-4D58-B5D4-7C7EDD58EBE2}.Debug|ARM64.Build.0 = Debug|Any CPU
		{3BB29A76-3269-4D58-B5D4-7C7EDD58EBE2}.Debug|x64.ActiveCfg = Debug|Any CPU
		{3BB29A76-3269-4D58-B5D4-7C7EDD58EBE2}.Debug|x64.Build.0 = Debug|Any CPU
		{3BB29A76-3269-4D58-B5D4-7C7EDD58EBE2}.Debug|x86.ActiveCfg = Debug|Any CPU
		{3BB29A76-3269-4D58-B5D4-7C7EDD58EBE2}.Debug|x86.Build.0 = Debug|Any CPU
		{3BB29A76-3269-4D58-B5D4-7C7EDD58EBE2}.Release|Any CPU.ActiveCfg = Release|Any CPU
		{3BB29A76-3269-4D58-B5D4-7C7EDD58EBE2}.Release|Any CPU.Build.0 = Release|Any CPU
		{3BB29A76-3269-4D58-B5D4-7C7EDD58EBE2}.Release|ARM.ActiveCfg = Release|Any CPU
		{3BB29A76-3269-4D58-B5D4-7C7EDD58EBE2}.Release|ARM.Build.0 = Release|Any CPU
		{3BB29A76-3269-4D58-B5D4-7C7EDD58EBE2}.Release|ARM64.ActiveCfg = Release|Any CPU
		{3BB29A76-3269-4D58-B5D4-7C7EDD58EBE2}.Release|ARM64.Build.0 = Release|Any CPU
		{3BB29A76-3269-4D58-B5D4-7C7EDD58EBE2}.Release|x64.ActiveCfg = Release|Any CPU
		{3BB29A76-3269-4D58-B5D4-7C7EDD58EBE2}.Release|x64.Build.0 = Release|Any CPU
		{3BB29A76-3269-4D58-B5D4-7C7EDD58EBE2}.Release|x86.ActiveCfg = Release|Any CPU
		{3BB29A76-3269-4D58-B5D4-7C7EDD58EBE2}.Release|x86.Build.0 = Release|Any CPU
	EndGlobalSection
	GlobalSection(SolutionProperties) = preSolution
		HideSolutionNode = FALSE
	EndGlobalSection
	GlobalSection(ExtensibilityGlobals) = postSolution
		SolutionGuid = {62981DCA-8127-49C8-9ACD-C3DE61DF1473}
	EndGlobalSection
EndGlobal
